
Microsoft Visual Studio Solution File, Format Version 12.00
# Visual Studio 15
VisualStudioVersion = 15.0.27703.2042
MinimumVisualStudioVersion = 10.0.40219.1
Project("{8BC9CEB8-8B4A-11D0-8D11-00A0C91BC942}") = "Client", "Client\Client.vcxproj", "{0FAA6297-59F6-47E3-811C-53D8AB00FA53}"
EndProject
Global
	GlobalSection(SolutionConfigurationPlatforms) = preSolution
		Debug|x64 = Debug|x64
		Debug|x86 = Debug|x86
		Release|x64 = Release|x64
		Release|x86 = Release|x86
	EndGlobalSection
	GlobalSection(ProjectConfigurationPlatforms) = postSolution
		{0FAA6297-59F6-47E3-811C-53D8AB00FA53}.Debug|x64.ActiveCfg = Debug|x64
		{0FAA6297-59F6-47E3-811C-53D8AB00FA53}.Debug|x64.Build.0 = Debug|x64
		{0FAA6297-59F6-47E3-811C-53D8AB00FA53}.Debug|x86.ActiveCfg = Debug|Win32
		{0FAA6297-59F6-47E3-811C-53D8AB00FA53}.Debug|x86.Build.0 = Debug|Win32
		{0FAA6297-59F6-47E3-811C-53D8AB00FA53}.Release|x64.ActiveCfg = Release|x64
		{0FAA6297-59F6-47E3-811C-53D8AB00FA53}.Release|x64.Build.0 = Release|x64
		{0FAA6297-59F6-47E3-811C-53D8AB00FA53}.Release|x86.ActiveCfg = Release|Win32
		{0FAA6297-59F6-47E3-811C-53D8AB00FA53}.Release|x86.Build.0 = Release|Win32
	EndGlobalSection
	GlobalSection(SolutionProperties) = preSolution
		HideSolutionNode = FALSE
	EndGlobalSection
	GlobalSection(ExtensibilityGlobals) = postSolution
		SolutionGuid = {7547543A-F0E5-43CC-9823-EE84C766D273}
	EndGlobalSection
EndGlobal
